# This file is automatically @generated by Cargo.
# It is not intended for manual editing.
version = 4

[[package]]
name = "yog-cli"
version = "0.1.0"
dependencies = [
 "yog-core",
]

[[package]]
name = "yog-core"
version = "0.1.0"

[[package]]
name = "yog-tui"
version = "0.1.0"
dependencies = [
 "yog-cli",
 "yog-core",
]
